
Microsoft Visual Studio Solution File, Format Version 12.00
# Visual Studio 15
VisualStudioVersion = 15.0.27703.2047
MinimumVisualStudioVersion = 10.0.40219.1
Project("{FAE04EC0-301F-11D3-BF4B-00C04F79EFBC}") = "INI-Parser", "INI-Parser\INI-Parser.csproj", "{115B4FB9-088F-4E57-90C8-0B67054D4B37}"
EndProject
Global
	GlobalSection(SolutionConfigurationPlatforms) = preSolution
		Debug|Any CPU = Debug|Any CPU
		Release|Any CPU = Release|Any CPU
	EndGlobalSection
	GlobalSection(ProjectConfigurationPlatforms) = postSolution
		{115B4FB9-088F-4E57-90C8-0B67054D4B37}.Debug|Any CPU.ActiveCfg = Debug|Any CPU
		{115B4FB9-088F-4E57-90C8-0B67054D4B37}.Debug|Any CPU.Build.0 = Debug|Any CPU
		{115B4FB9-088F-4E57-90C8-0B67054D4B37}.Release|Any CPU.ActiveCfg = Release|Any CPU
		{115B4FB9-088F-4E57-90C8-0B67054D4B37}.Release|Any CPU.Build.0 = Release|Any CPU
	EndGlobalSection
	GlobalSection(SolutionProperties) = preSolution
		HideSolutionNode = FALSE
	EndGlobalSection
	GlobalSection(ExtensibilityGlobals) = postSolution
		SolutionGuid = {58129B25-18F9-4F7F-B51B-5AE813A49126}
	EndGlobalSection
EndGlobal
